// !$*UTF8*$!
{
	archiveVersion = 1;
	classes = {
	};
	objectVersion = 50;
	objects = {

/* Begin PBXBuildFile section */
		638E41FA40DD6D5DB6BC9705 /* Pods_Project.framework in Frameworks */ = {isa = PBXBuildFile; fileRef = 61F817BBCB46BFD6F2E8CB5F /* Pods_Project.framework */; };
		B00841B0243B629200051FA2 /* CustomCell.swift in Sources */ = {isa = PBXBuildFile; fileRef = B00841AF243B629200051FA2 /* CustomCell.swift */; };
		B00841B3243B633B00051FA2 /* CustomViewModel.swift in Sources */ = {isa = PBXBuildFile; fileRef = B00841B2243B633A00051FA2 /* CustomViewModel.swift */; };
		B00841B5243B635A00051FA2 /* CustomModel.swift in Sources */ = {isa = PBXBuildFile; fileRef = B00841B4243B635A00051FA2 /* CustomModel.swift */; };
		B00841BC243B651700051FA2 /* Constants.swift in Sources */ = {isa = PBXBuildFile; fileRef = B00841BB243B651700051FA2 /* Constants.swift */; };
		B00841BE243B671F00051FA2 /* APIClient.swift in Sources */ = {isa = PBXBuildFile; fileRef = B00841BD243B671F00051FA2 /* APIClient.swift */; };
		B00841C0243BBA8500051FA2 /* LaunchScreen.storyboard in Resources */ = {isa = PBXBuildFile; fileRef = B00841BF243BBA8500051FA2 /* LaunchScreen.storyboard */; };
		B00841C3243BC26D00051FA2 /* APIHelper.swift in Sources */ = {isa = PBXBuildFile; fileRef = B00841C2243BC26D00051FA2 /* APIHelper.swift */; };
		B0CFA7DD243B3B67003CFE8F /* AppDelegate.swift in Sources */ = {isa = PBXBuildFile; fileRef = B0CFA7DC243B3B67003CFE8F /* AppDelegate.swift */; };
		B0CFA7DF243B3B67003CFE8F /* SceneDelegate.swift in Sources */ = {isa = PBXBuildFile; fileRef = B0CFA7DE243B3B67003CFE8F /* SceneDelegate.swift */; };
		B0CFA7E1243B3B67003CFE8F /* ViewController.swift in Sources */ = {isa = PBXBuildFile; fileRef = B0CFA7E0243B3B67003CFE8F /* ViewController.swift */; };
		B0CFA7E7243B3B67003CFE8F /* Project.xcdatamodeld in Sources */ = {isa = PBXBuildFile; fileRef = B0CFA7E5243B3B67003CFE8F /* Project.xcdatamodeld */; };
		B0CFA7E9243B3B68003CFE8F /* Assets.xcassets in Resources */ = {isa = PBXBuildFile; fileRef = B0CFA7E8243B3B68003CFE8F /* Assets.xcassets */; };
		B0CFA7F7243B3B68003CFE8F /* ProjectTests.swift in Sources */ = {isa = PBXBuildFile; fileRef = B0CFA7F6243B3B68003CFE8F /* ProjectTests.swift */; };
		DEEA1DB285272A9C52935D4C /* Pods_ProjectTests.framework in Frameworks */ = {isa = PBXBuildFile; fileRef = A52446816C02779C161A52BA /* Pods_ProjectTests.framework */; };
/* End PBXBuildFile section */

/* Begin PBXContainerItemProxy section */
		B0CFA7F3243B3B68003CFE8F /* PBXContainerItemProxy */ = {
			isa = PBXContainerItemProxy;
			containerPortal = B0CFA7D1243B3B67003CFE8F /* Project object */;
			proxyType = 1;
			remoteGlobalIDString = B0CFA7D8243B3B67003CFE8F;
			remoteInfo = Project;
		};
/* End PBXContainerItemProxy section */

/* Begin PBXFileReference section */
		4B2B716F1E7F66CC2AEB7362 /* Pods-ProjectTests.debug.xcconfig */ = {isa = PBXFileReference; includeInIndex = 1; lastKnownFileType = text.xcconfig; name = "Pods-ProjectTests.debug.xcconfig"; path = "Target Support Files/Pods-ProjectTests/Pods-ProjectTests.debug.xcconfig"; sourceTree = "<group>"; };
		61F817BBCB46BFD6F2E8CB5F /* Pods_Project.framework */ = {isa = PBXFileReference; explicitFileType = wrapper.framework; includeInIndex = 0; path = Pods_Project.framework; sourceTree = BUILT_PRODUCTS_DIR; };
		8FEE4B7E1B673610C5BA5F2A /* Pods-Project.debug.xcconfig */ = {isa = PBXFileReference; includeInIndex = 1; lastKnownFileType = text.xcconfig; name = "Pods-Project.debug.xcconfig"; path = "Target Support Files/Pods-Project/Pods-Project.debug.xcconfig"; sourceTree = "<group>"; };
		A52446816C02779C161A52BA /* Pods_ProjectTests.framework */ = {isa = PBXFileReference; explicitFileType = wrapper.framework; includeInIndex = 0; path = Pods_ProjectTests.framework; sourceTree = BUILT_PRODUCTS_DIR; };
		B00841AF243B629200051FA2 /* CustomCell.swift */ = {isa = PBXFileReference; lastKnownFileType = sourcecode.swift; path = CustomCell.swift; sourceTree = "<group>"; };
		B00841B2243B633A00051FA2 /* CustomViewModel.swift */ = {isa = PBXFileReference; lastKnownFileType = sourcecode.swift; path = CustomViewModel.swift; sourceTree = "<group>"; };
		B00841B4243B635A00051FA2 /* CustomModel.swift */ = {isa = PBXFileReference; lastKnownFileType = sourcecode.swift; path = CustomModel.swift; sourceTree = "<group>"; };
		B00841BB243B651700051FA2 /* Constants.swift */ = {isa = PBXFileReference; lastKnownFileType = sourcecode.swift; path = Constants.swift; sourceTree = "<group>"; };
		B00841BD243B671F00051FA2 /* APIClient.swift */ = {isa = PBXFileReference; lastKnownFileType = sourcecode.swift; path = APIClient.swift; sourceTree = "<group>"; };
		B00841BF243BBA8500051FA2 /* LaunchScreen.storyboard */ = {isa = PBXFileReference; lastKnownFileType = file.storyboard; path = LaunchScreen.storyboard; sourceTree = "<group>"; };
		B00841C2243BC26D00051FA2 /* APIHelper.swift */ = {isa = PBXFileReference; lastKnownFileType = sourcecode.swift; path = APIHelper.swift; sourceTree = "<group>"; };
		B0CFA7D9243B3B67003CFE8F /* Project.app */ = {isa = PBXFileReference; explicitFileType = wrapper.application; includeInIndex = 0; path = Project.app; sourceTree = BUILT_PRODUCTS_DIR; };
		B0CFA7DC243B3B67003CFE8F /* AppDelegate.swift */ = {isa = PBXFileReference; lastKnownFileType = sourcecode.swift; path = AppDelegate.swift; sourceTree = "<group>"; };
		B0CFA7DE243B3B67003CFE8F /* SceneDelegate.swift */ = {isa = PBXFileReference; lastKnownFileType = sourcecode.swift; path = SceneDelegate.swift; sourceTree = "<group>"; };
		B0CFA7E0243B3B67003CFE8F /* ViewController.swift */ = {isa = PBXFileReference; lastKnownFileType = sourcecode.swift; path = ViewController.swift; sourceTree = "<group>"; };
		B0CFA7E6243B3B67003CFE8F /* Project.xcdatamodel */ = {isa = PBXFileReference; lastKnownFileType = wrapper.xcdatamodel; path = Project.xcdatamodel; sourceTree = "<group>"; };
		B0CFA7E8243B3B68003CFE8F /* Assets.xcassets */ = {isa = PBXFileReference; lastKnownFileType = folder.assetcatalog; path = Assets.xcassets; sourceTree = "<group>"; };
		B0CFA7ED243B3B68003CFE8F /* Info.plist */ = {isa = PBXFileReference; lastKnownFileType = text.plist.xml; path = Info.plist; sourceTree = "<group>"; };
		B0CFA7F2243B3B68003CFE8F /* ProjectTests.xctest */ = {isa = PBXFileReference; explicitFileType = wrapper.cfbundle; includeInIndex = 0; path = ProjectTests.xctest; sourceTree = BUILT_PRODUCTS_DIR; };
		B0CFA7F6243B3B68003CFE8F /* ProjectTests.swift */ = {isa = PBXFileReference; lastKnownFileType = sourcecode.swift; path = ProjectTests.swift; sourceTree = "<group>"; };
		B0CFA7F8243B3B68003CFE8F /* Info.plist */ = {isa = PBXFileReference; lastKnownFileType = text.plist.xml; path = Info.plist; sourceTree = "<group>"; };
		D812EAC2F3DAA1357CA1A1E3 /* Pods-ProjectTests.release.xcconfig */ = {isa = PBXFileReference; includeInIndex = 1; lastKnownFileType = text.xcconfig; name = "Pods-ProjectTests.release.xcconfig"; path = "Target Support Files/Pods-ProjectTests/Pods-ProjectTests.release.xcconfig"; sourceTree = "<group>"; };
		F768A38E42DC5698168EF14B /* Pods-Project.release.xcconfig */ = {isa = PBXFileReference; includeInIndex = 1; lastKnownFileType = text.xcconfig; name = "Pods-Project.release.xcconfig"; path = "Target Support Files/Pods-Project/Pods-Project.release.xcconfig"; sourceTree = "<group>"; };
/* End PBXFileReference section */

/* Begin PBXFrameworksBuildPhase section */
		B0CFA7D6243B3B67003CFE8F /* Frameworks */ = {
			isa = PBXFrameworksBuildPhase;
			buildActionMask = 2147483647;
			files = (
				638E41FA40DD6D5DB6BC9705 /* Pods_Project.framework in Frameworks */,
			);
			runOnlyForDeploymentPostprocessing = 0;
		};
		B0CFA7EF243B3B68003CFE8F /* Frameworks */ = {
			isa = PBXFrameworksBuildPhase;
			buildActionMask = 2147483647;
			files = (
				DEEA1DB285272A9C52935D4C /* Pods_ProjectTests.framework in Frameworks */,
			);
			runOnlyForDeploymentPostprocessing = 0;
		};
/* End PBXFrameworksBuildPhase section */

/* Begin PBXGroup section */
		B00841AE243B626700051FA2 /* Views */ = {
			isa = PBXGroup;
			children = (
				B00841AF243B629200051FA2 /* CustomCell.swift */,
			);
			path = Views;
			sourceTree = "<group>";
		};
		B00841B1243B62D600051FA2 /* ViewModels */ = {
			isa = PBXGroup;
			children = (
				B00841B2243B633A00051FA2 /* CustomViewModel.swift */,
			);
			path = ViewModels;
			sourceTree = "<group>";
		};
		B00841B6243B636000051FA2 /* Models */ = {
			isa = PBXGroup;
			children = (
				B00841B4243B635A00051FA2 /* CustomModel.swift */,
			);
			path = Models;
			sourceTree = "<group>";
		};
		B00841B7243B643000051FA2 /* Networking */ = {
			isa = PBXGroup;
			children = (
				B00841BD243B671F00051FA2 /* APIClient.swift */,
			);
			path = Networking;
			sourceTree = "<group>";
		};
		B00841B8243B644400051FA2 /* Controllers */ = {
			isa = PBXGroup;
			children = (
				B0CFA7E0243B3B67003CFE8F /* ViewController.swift */,
			);
			path = Controllers;
			sourceTree = "<group>";
		};
		B00841B9243B64A700051FA2 /* AppDelegate */ = {
			isa = PBXGroup;
			children = (
				B0CFA7DC243B3B67003CFE8F /* AppDelegate.swift */,
				B0CFA7DE243B3B67003CFE8F /* SceneDelegate.swift */,
			);
			path = AppDelegate;
			sourceTree = "<group>";
		};
		B00841BA243B650200051FA2 /* Resources */ = {
			isa = PBXGroup;
			children = (
				B00841BB243B651700051FA2 /* Constants.swift */,
			);
			path = Resources;
			sourceTree = "<group>";
		};
		B00841C1243BC25200051FA2 /* Helper */ = {
			isa = PBXGroup;
			children = (
				B00841C2243BC26D00051FA2 /* APIHelper.swift */,
			);
			path = Helper;
			sourceTree = "<group>";
		};
		B0CFA7D0243B3B67003CFE8F = {
			isa = PBXGroup;
			children = (
				B0CFA7DB243B3B67003CFE8F /* Project */,
				B0CFA7F5243B3B68003CFE8F /* ProjectTests */,
				B0CFA7DA243B3B67003CFE8F /* Products */,
				B79BA7993AD2F6E98B7E2746 /* Pods */,
				C4FF49BBF5935DB311C3493A /* Frameworks */,
			);
			sourceTree = "<group>";
		};
		B0CFA7DA243B3B67003CFE8F /* Products */ = {
			isa = PBXGroup;
			children = (
				B0CFA7D9243B3B67003CFE8F /* Project.app */,
				B0CFA7F2243B3B68003CFE8F /* ProjectTests.xctest */,
			);
			name = Products;
			sourceTree = "<group>";
		};
		B0CFA7DB243B3B67003CFE8F /* Project */ = {
			isa = PBXGroup;
			children = (
				B00841C1243BC25200051FA2 /* Helper */,
				B00841BA243B650200051FA2 /* Resources */,
				B00841B9243B64A700051FA2 /* AppDelegate */,
				B00841B8243B644400051FA2 /* Controllers */,
				B00841B7243B643000051FA2 /* Networking */,
				B00841B6243B636000051FA2 /* Models */,
				B00841B1243B62D600051FA2 /* ViewModels */,
				B00841AE243B626700051FA2 /* Views */,
				B0CFA7E8243B3B68003CFE8F /* Assets.xcassets */,
				B0CFA7ED243B3B68003CFE8F /* Info.plist */,
				B0CFA7E5243B3B67003CFE8F /* Project.xcdatamodeld */,
				B00841BF243BBA8500051FA2 /* LaunchScreen.storyboard */,
			);
			path = Project;
			sourceTree = "<group>";
		};
		B0CFA7F5243B3B68003CFE8F /* ProjectTests */ = {
			isa = PBXGroup;
			children = (
				B0CFA7F6243B3B68003CFE8F /* ProjectTests.swift */,
				B0CFA7F8243B3B68003CFE8F /* Info.plist */,
			);
			path = ProjectTests;
			sourceTree = "<group>";
		};
		B79BA7993AD2F6E98B7E2746 /* Pods */ = {
			isa = PBXGroup;
			children = (
				8FEE4B7E1B673610C5BA5F2A /* Pods-Project.debug.xcconfig */,
				F768A38E42DC5698168EF14B /* Pods-Project.release.xcconfig */,
				4B2B716F1E7F66CC2AEB7362 /* Pods-ProjectTests.debug.xcconfig */,
				D812EAC2F3DAA1357CA1A1E3 /* Pods-ProjectTests.release.xcconfig */,
			);
			path = Pods;
			sourceTree = "<group>";
		};
		C4FF49BBF5935DB311C3493A /* Frameworks */ = {
			isa = PBXGroup;
			children = (
				61F817BBCB46BFD6F2E8CB5F /* Pods_Project.framework */,
				A52446816C02779C161A52BA /* Pods_ProjectTests.framework */,
			);
			name = Frameworks;
			sourceTree = "<group>";
		};
/* End PBXGroup section */

/* Begin PBXNativeTarget section */
		B0CFA7D8243B3B67003CFE8F /* Project */ = {
			isa = PBXNativeTarget;
			buildConfigurationList = B0CFA7FB243B3B68003CFE8F /* Build configuration list for PBXNativeTarget "Project" */;
			buildPhases = (
				F778EAC8D6C6BCFDE37E3A57 /* [CP] Check Pods Manifest.lock */,
				B0CFA7D5243B3B67003CFE8F /* Sources */,
				B0CFA7D6243B3B67003CFE8F /* Frameworks */,
				B0CFA7D7243B3B67003CFE8F /* Resources */,
			);
			buildRules = (
			);
			dependencies = (
			);
			name = Project;
			productName = Project;
			productReference = B0CFA7D9243B3B67003CFE8F /* Project.app */;
			productType = "com.apple.product-type.application";
		};
		B0CFA7F1243B3B68003CFE8F /* ProjectTests */ = {
			isa = PBXNativeTarget;
			buildConfigurationList = B0CFA7FE243B3B68003CFE8F /* Build configuration list for PBXNativeTarget "ProjectTests" */;
			buildPhases = (
				DECD7543762F671BD4F361D7 /* [CP] Check Pods Manifest.lock */,
				B0CFA7EE243B3B68003CFE8F /* Sources */,
				B0CFA7EF243B3B68003CFE8F /* Frameworks */,
				B0CFA7F0243B3B68003CFE8F /* Resources */,
			);
			buildRules = (
			);
			dependencies = (
				B0CFA7F4243B3B68003CFE8F /* PBXTargetDependency */,
			);
			name = ProjectTests;
			productName = ProjectTests;
			productReference = B0CFA7F2243B3B68003CFE8F /* ProjectTests.xctest */;
			productType = "com.apple.product-type.bundle.unit-test";
		};
/* End PBXNativeTarget section */

/* Begin PBXProject section */
		B0CFA7D1243B3B67003CFE8F /* Project object */ = {
			isa = PBXProject;
			attributes = {
				LastSwiftUpdateCheck = 1140;
				LastUpgradeCheck = 1140;
				ORGANIZATIONNAME = "Sanjay Sabnani";
				TargetAttributes = {
					B0CFA7D8243B3B67003CFE8F = {
						CreatedOnToolsVersion = 11.4;
					};
					B0CFA7F1243B3B68003CFE8F = {
						CreatedOnToolsVersion = 11.4;
						TestTargetID = B0CFA7D8243B3B67003CFE8F;
					};
				};
			};
			buildConfigurationList = B0CFA7D4243B3B67003CFE8F /* Build configuration list for PBXProject "Project" */;
			compatibilityVersion = "Xcode 9.3";
			developmentRegion = en;
			hasScannedForEncodings = 0;
			knownRegions = (
				en,
				Base,
			);
			mainGroup = B0CFA7D0243B3B67003CFE8F;
			productRefGroup = B0CFA7DA243B3B67003CFE8F /* Products */;
			projectDirPath = "";
			projectRoot = "";
			targets = (
				B0CFA7D8243B3B67003CFE8F /* Project */,
				B0CFA7F1243B3B68003CFE8F /* ProjectTests */,
			);
		};
/* End PBXProject section */

/* Begin PBXResourcesBuildPhase section */
		B0CFA7D7243B3B67003CFE8F /* Resources */ = {
			isa = PBXResourcesBuildPhase;
			buildActionMask = 2147483647;
			files = (
				B0CFA7E9243B3B68003CFE8F /* Assets.xcassets in Resources */,
				B00841C0243BBA8500051FA2 /* LaunchScreen.storyboard in Resources */,
			);
			runOnlyForDeploymentPostprocessing = 0;
		};
		B0CFA7F0243B3B68003CFE8F /* Resources */ = {
			isa = PBXResourcesBuildPhase;
			buildActionMask = 2147483647;
			files = (
			);
			runOnlyForDeploymentPostprocessing = 0;
		};
/* End PBXResourcesBuildPhase section */

/* Begin PBXShellScriptBuildPhase section */
		DECD7543762F671BD4F361D7 /* [CP] Check Pods Manifest.lock */ = {
			isa = PBXShellScriptBuildPhase;
			buildActionMask = 2147483647;
			files = (
			);
			inputFileListPaths = (
			);
			inputPaths = (
				"${PODS_PODFILE_DIR_PATH}/Podfile.lock",
				"${PODS_ROOT}/Manifest.lock",
			);
			name = "[CP] Check Pods Manifest.lock";
			outputFileListPaths = (
			);
			outputPaths = (
				"$(DERIVED_FILE_DIR)/Pods-ProjectTests-checkManifestLockResult.txt",
			);
			runOnlyForDeploymentPostprocessing = 0;
			shellPath = /bin/sh;
			shellScript = "diff \"${PODS_PODFILE_DIR_PATH}/Podfile.lock\" \"${PODS_ROOT}/Manifest.lock\" > /dev/null\nif [ $? != 0 ] ; then\n    # print error to STDERR\n    echo \"error: The sandbox is not in sync with the Podfile.lock. Run 'pod install' or update your CocoaPods installation.\" >&2\n    exit 1\nfi\n# This output is used by Xcode 'outputs' to avoid re-running this script phase.\necho \"SUCCESS\" > \"${SCRIPT_OUTPUT_FILE_0}\"\n";
			showEnvVarsInLog = 0;
		};
		F778EAC8D6C6BCFDE37E3A57 /* [CP] Check Pods Manifest.lock */ = {
			isa = PBXShellScriptBuildPhase;
			buildActionMask = 2147483647;
			files = (
			);
			inputFileListPaths = (
			);
			inputPaths = (
				"${PODS_PODFILE_DIR_PATH}/Podfile.lock",
				"${PODS_ROOT}/Manifest.lock",
			);
			name = "[CP] Check Pods Manifest.lock";
			outputFileListPaths = (
			);
			outputPaths = (
				"$(DERIVED_FILE_DIR)/Pods-Project-checkManifestLockResult.txt",
			);
			runOnlyForDeploymentPostprocessing = 0;
			shellPath = /bin/sh;
			shellScript = "diff \"${PODS_PODFILE_DIR_PATH}/Podfile.lock\" \"${PODS_ROOT}/Manifest.lock\" > /dev/null\nif [ $? != 0 ] ; then\n    # print error to STDERR\n    echo \"error: The sandbox is not in sync with the Podfile.lock. Run 'pod install' or update your CocoaPods installation.\" >&2\n    exit 1\nfi\n# This output is used by Xcode 'outputs' to avoid re-running this script phase.\necho \"SUCCESS\" > \"${SCRIPT_OUTPUT_FILE_0}\"\n";
			showEnvVarsInLog = 0;
		};
/* End PBXShellScriptBuildPhase section */

/* Begin PBXSourcesBuildPhase section */
		B0CFA7D5243B3B67003CFE8F /* Sources */ = {
			isa = PBXSourcesBuildPhase;
			buildActionMask = 2147483647;
			files = (
				B0CFA7E1243B3B67003CFE8F /* ViewController.swift in Sources */,
				B0CFA7DD243B3B67003CFE8F /* AppDelegate.swift in Sources */,
				B00841B5243B635A00051FA2 /* CustomModel.swift in Sources */,
				B00841B0243B629200051FA2 /* CustomCell.swift in Sources */,
				B00841B3243B633B00051FA2 /* CustomViewModel.swift in Sources */,
				B0CFA7DF243B3B67003CFE8F /* SceneDelegate.swift in Sources */,
				B0CFA7E7243B3B67003CFE8F /* Project.xcdatamodeld in Sources */,
				B00841BC243B651700051FA2 /* Constants.swift in Sources */,
				B00841C3243BC26D00051FA2 /* APIHelper.swift in Sources */,
				B00841BE243B671F00051FA2 /* APIClient.swift in Sources */,
			);
			runOnlyForDeploymentPostprocessing = 0;
		};
		B0CFA7EE243B3B68003CFE8F /* Sources */ = {
			isa = PBXSourcesBuildPhase;
			buildActionMask = 2147483647;
			files = (
				B0CFA7F7243B3B68003CFE8F /* ProjectTests.swift in Sources */,
			);
			runOnlyForDeploymentPostprocessing = 0;
		};
/* End PBXSourcesBuildPhase section */

/* Begin PBXTargetDependency section */
		B0CFA7F4243B3B68003CFE8F /* PBXTargetDependency */ = {
			isa = PBXTargetDependency;
			target = B0CFA7D8243B3B67003CFE8F /* Project */;
			targetProxy = B0CFA7F3243B3B68003CFE8F /* PBXContainerItemProxy */;
		};
/* End PBXTargetDependency section */

/* Begin XCBuildConfiguration section */
		B0CFA7F9243B3B68003CFE8F /* Debug */ = {
			isa = XCBuildConfiguration;
			buildSettings = {
				ALWAYS_SEARCH_USER_PATHS = NO;
				CLANG_ANALYZER_NONNULL = YES;
				CLANG_ANALYZER_NUMBER_OBJECT_CONVERSION = YES_AGGRESSIVE;
				CLANG_CXX_LANGUAGE_STANDARD = "gnu++14";
				CLANG_CXX_LIBRARY = "libc++";
				CLANG_ENABLE_MODULES = YES;
				CLANG_ENABLE_OBJC_ARC = YES;
				CLANG_ENABLE_OBJC_WEAK = YES;
				CLANG_WARN_BLOCK_CAPTURE_AUTORELEASING = YES;
				CLANG_WARN_BOOL_CONVERSION = YES;
				CLANG_WARN_COMMA = YES;
				CLANG_WARN_CONSTANT_CONVERSION = YES;
				CLANG_WARN_DEPRECATED_OBJC_IMPLEMENTATIONS = YES;
				CLANG_WARN_DIRECT_OBJC_ISA_USAGE = YES_ERROR;
				CLANG_WARN_DOCUMENTATION_COMMENTS = YES;
				CLANG_WARN_EMPTY_BODY = YES;
				CLANG_WARN_ENUM_CONVERSION = YES;
				CLANG_WARN_INFINITE_RECURSION = YES;
				CLANG_WARN_INT_CONVERSION = YES;
				CLANG_WARN_NON_LITERAL_NULL_CONVERSION = YES;
				CLANG_WARN_OBJC_IMPLICIT_RETAIN_SELF = YES;
				CLANG_WARN_OBJC_LITERAL_CONVERSION = YES;
				CLANG_WARN_OBJC_ROOT_CLASS = YES_ERROR;
				CLANG_WARN_RANGE_LOOP_ANALYSIS = YES;
				CLANG_WARN_STRICT_PROTOTYPES = YES;
				CLANG_WARN_SUSPICIOUS_MOVE = YES;
				CLANG_WARN_UNGUARDED_AVAILABILITY = YES_AGGRESSIVE;
				CLANG_WARN_UNREACHABLE_CODE = YES;
				CLANG_WARN__DUPLICATE_METHOD_MATCH = YES;
				COPY_PHASE_STRIP = NO;
				DEBUG_INFORMATION_FORMAT = dwarf;
				ENABLE_STRICT_OBJC_MSGSEND = YES;
				ENABLE_TESTABILITY = YES;
				GCC_C_LANGUAGE_STANDARD = gnu11;
				GCC_DYNAMIC_NO_PIC = NO;
				GCC_NO_COMMON_BLOCKS = YES;
				GCC_OPTIMIZATION_LEVEL = 0;
				GCC_PREPROCESSOR_DEFINITIONS = (
					"DEBUG=1",
					"$(inherited)",
				);
				GCC_WARN_64_TO_32_BIT_CONVERSION = YES;
				GCC_WARN_ABOUT_RETURN_TYPE = YES_ERROR;
				GCC_WARN_UNDECLARED_SELECTOR = YES;
				GCC_WARN_UNINITIALIZED_AUTOS = YES_AGGRESSIVE;
				GCC_WARN_UNUSED_FUNCTION = YES;
				GCC_WARN_UNUSED_VARIABLE = YES;
				IPHONEOS_DEPLOYMENT_TARGET = 13.0;
				MTL_ENABLE_DEBUG_INFO = INCLUDE_SOURCE;
				MTL_FAST_MATH = YES;
				ONLY_ACTIVE_ARCH = YES;
				SDKROOT = iphoneos;
				SWIFT_ACTIVE_COMPILATION_CONDITIONS = DEBUG;
				SWIFT_OPTIMIZATION_LEVEL = "-Onone";
			};
			name = Debug;
		};
		B0CFA7FA243B3B68003CFE8F /* Release */ = {
			isa = XCBuildConfiguration;
			buildSettings = {
				ALWAYS_SEARCH_USER_PATHS = NO;
				CLANG_ANALYZER_NONNULL = YES;
				CLANG_ANALYZER_NUMBER_OBJECT_CONVERSION = YES_AGGRESSIVE;
				CLANG_CXX_LANGUAGE_STANDARD = "gnu++14";
				CLANG_CXX_LIBRARY = "libc++";
				CLANG_ENABLE_MODULES = YES;
				CLANG_ENABLE_OBJC_ARC = YES;
				CLANG_ENABLE_OBJC_WEAK = YES;
				CLANG_WARN_BLOCK_CAPTURE_AUTORELEASING = YES;
				CLANG_WARN_BOOL_CONVERSION = YES;
				CLANG_WARN_COMMA = YES;
				CLANG_WARN_CONSTANT_CONVERSION = YES;
				CLANG_WARN_DEPRECATED_OBJC_IMPLEMENTATIONS = YES;
				CLANG_WARN_DIRECT_OBJC_ISA_USAGE = YES_ERROR;
				CLANG_WARN_DOCUMENTATION_COMMENTS = YES;
				CLANG_WARN_EMPTY_BODY = YES;
				CLANG_WARN_ENUM_CONVERSION = YES;
				CLANG_WARN_INFINITE_RECURSION = YES;
				CLANG_WARN_INT_CONVERSION = YES;
				CLANG_WARN_NON_LITERAL_NULL_CONVERSION = YES;
				CLANG_WARN_OBJC_IMPLICIT_RETAIN_SELF = YES;
				CLANG_WARN_OBJC_LITERAL_CONVERSION = YES;
				CLANG_WARN_OBJC_ROOT_CLASS = YES_ERROR;
				CLANG_WARN_RANGE_LOOP_ANALYSIS = YES;
				CLANG_WARN_STRICT_PROTOTYPES = YES;
				CLANG_WARN_SUSPICIOUS_MOVE = YES;
				CLANG_WARN_UNGUARDED_AVAILABILITY = YES_AGGRESSIVE;
				CLANG_WARN_UNREACHABLE_CODE = YES;
				CLANG_WARN__DUPLICATE_METHOD_MATCH = YES;
				COPY_PHASE_STRIP = NO;
				DEBUG_INFORMATION_FORMAT = "dwarf-with-dsym";
				ENABLE_NS_ASSERTIONS = NO;
				ENABLE_STRICT_OBJC_MSGSEND = YES;
				GCC_C_LANGUAGE_STANDARD = gnu11;
				GCC_NO_COMMON_BLOCKS = YES;
				GCC_WARN_64_TO_32_BIT_CONVERSION = YES;
				GCC_WARN_ABOUT_RETURN_TYPE = YES_ERROR;
				GCC_WARN_UNDECLARED_SELECTOR = YES;
				GCC_WARN_UNINITIALIZED_AUTOS = YES_AGGRESSIVE;
				GCC_WARN_UNUSED_FUNCTION = YES;
				GCC_WARN_UNUSED_VARIABLE = YES;
				IPHONEOS_DEPLOYMENT_TARGET = 13.0;
				MTL_ENABLE_DEBUG_INFO = NO;
				MTL_FAST_MATH = YES;
				SDKROOT = iphoneos;
				SWIFT_COMPILATION_MODE = wholemodule;
				SWIFT_OPTIMIZATION_LEVEL = "-O";
				VALIDATE_PRODUCT = YES;
			};
			name = Release;
		};
		B0CFA7FC243B3B68003CFE8F /* Debug */ = {
			isa = XCBuildConfiguration;
			baseConfigurationReference = 8FEE4B7E1B673610C5BA5F2A /* Pods-Project.debug.xcconfig */;
			buildSettings = {
				ASSETCATALOG_COMPILER_APPICON_NAME = AppIcon;
				CODE_SIGN_STYLE = Automatic;
				DEVELOPMENT_TEAM = 9GRWUE298W;
				INFOPLIST_FILE = Project/Info.plist;
				LD_RUNPATH_SEARCH_PATHS = (
					"$(inherited)",
					"@executable_path/Frameworks",
				);
				PRODUCT_BUNDLE_IDENTIFIER = com.ssabnani.Project;
				PRODUCT_NAME = "$(TARGET_NAME)";
				SWIFT_VERSION = 5.0;
				TARGETED_DEVICE_FAMILY = "1,2";
			};
			name = Debug;
		};
		B0CFA7FD243B3B68003CFE8F /* Release */ = {
			isa = XCBuildConfiguration;
			baseConfigurationReference = F768A38E42DC5698168EF14B /* Pods-Project.release.xcconfig */;
			buildSettings = {
				ASSETCATALOG_COMPILER_APPICON_NAME = AppIcon;
				CODE_SIGN_STYLE = Automatic;
				DEVELOPMENT_TEAM = 9GRWUE298W;
				INFOPLIST_FILE = Project/Info.plist;
				LD_RUNPATH_SEARCH_PATHS = (
					"$(inherited)",
					"@executable_path/Frameworks",
				);
				PRODUCT_BUNDLE_IDENTIFIER = com.ssabnani.Project;
				PRODUCT_NAME = "$(TARGET_NAME)";
				SWIFT_VERSION = 5.0;
				TARGETED_DEVICE_FAMILY = "1,2";
			};
			name = Release;
		};
		B0CFA7FF243B3B68003CFE8F /* Debug */ = {
			isa = XCBuildConfiguration;
			baseConfigurationReference = 4B2B716F1E7F66CC2AEB7362 /* Pods-ProjectTests.debug.xcconfig */;
			buildSettings = {
				ALWAYS_EMBED_SWIFT_STANDARD_LIBRARIES = YES;
				BUNDLE_LOADER = "$(TEST_HOST)";
				CODE_SIGN_STYLE = Automatic;
				DEVELOPMENT_TEAM = 9GRWUE298W;
				INFOPLIST_FILE = ProjectTests/Info.plist;
				IPHONEOS_DEPLOYMENT_TARGET = 13.4;
				LD_RUNPATH_SEARCH_PATHS = (
					"$(inherited)",
					"@executable_path/Frameworks",
					"@loader_path/Frameworks",
				);
				PRODUCT_BUNDLE_IDENTIFIER = com.ssabnani.ProjectTests;
				PRODUCT_NAME = "$(TARGET_NAME)";
				SWIFT_VERSION = 5.0;
				TARGETED_DEVICE_FAMILY = "1,2";
				TEST_HOST = "$(BUILT_PRODUCTS_DIR)/Project.app/Project";
			};
			name = Debug;
		};
		B0CFA800243B3B68003CFE8F /* Release */ = {
			isa = XCBuildConfiguration;
			baseConfigurationReference = D812EAC2F3DAA1357CA1A1E3 /* Pods-ProjectTests.release.xcconfig */;
			buildSettings = {
				ALWAYS_EMBED_SWIFT_STANDARD_LIBRARIES = YES;
				BUNDLE_LOADER = "$(TEST_HOST)";
				CODE_SIGN_STYLE = Automatic;
				DEVELOPMENT_TEAM = 9GRWUE298W;
				INFOPLIST_FILE = ProjectTests/Info.plist;
				IPHONEOS_DEPLOYMENT_TARGET = 13.4;
				LD_RUNPATH_SEARCH_PATHS = (
					"$(inherited)",
					"@executable_path/Frameworks",
					"@loader_path/Frameworks",
				);
				PRODUCT_BUNDLE_IDENTIFIER = com.ssabnani.ProjectTests;
				PRODUCT_NAME = "$(TARGET_NAME)";
				SWIFT_VERSION = 5.0;
				TARGETED_DEVICE_FAMILY = "1,2";
				TEST_HOST = "$(BUILT_PRODUCTS_DIR)/Project.app/Project";
			};
			name = Release;
		};
/* End XCBuildConfiguration section */

/* Begin XCConfigurationList section */
		B0CFA7D4243B3B67003CFE8F /* Build configuration list for PBXProject "Project" */ = {
			isa = XCConfigurationList;
			buildConfigurations = (
				B0CFA7F9243B3B68003CFE8F /* Debug */,
				B0CFA7FA243B3B68003CFE8F /* Release */,
			);
			defaultConfigurationIsVisible = 0;
			defaultConfigurationName = Release;
		};
		B0CFA7FB243B3B68003CFE8F /* Build configuration list for PBXNativeTarget "Project" */ = {
			isa = XCConfigurationList;
			buildConfigurations = (
				B0CFA7FC243B3B68003CFE8F /* Debug */,
				B0CFA7FD243B3B68003CFE8F /* Release */,
			);
			defaultConfigurationIsVisible = 0;
			defaultConfigurationName = Release;
		};
		B0CFA7FE243B3B68003CFE8F /* Build configuration list for PBXNativeTarget "ProjectTests" */ = {
			isa = XCConfigurationList;
			buildConfigurations = (
				B0CFA7FF243B3B68003CFE8F /* Debug */,
				B0CFA800243B3B68003CFE8F /* Release */,
			);
			defaultConfigurationIsVisible = 0;
			defaultConfigurationName = Release;
		};
/* End XCConfigurationList section */

/* Begin XCVersionGroup section */
		B0CFA7E5243B3B67003CFE8F /* Project.xcdatamodeld */ = {
			isa = XCVersionGroup;
			children = (
				B0CFA7E6243B3B67003CFE8F /* Project.xcdatamodel */,
			);
			currentVersion = B0CFA7E6243B3B67003CFE8F /* Project.xcdatamodel */;
			path = Project.xcdatamodeld;
			sourceTree = "<group>";
			versionGroupType = wrapper.xcdatamodel;
		};
/* End XCVersionGroup section */
	};
	rootObject = B0CFA7D1243B3B67003CFE8F /* Project object */;
}
